
Microsoft Visual Studio Solution File, Format Version 12.00
# Visual Studio 15
Project("{FAE04EC0-301F-11D3-BF4B-00C04F79EFBC}") = "OnlineMenu.Api", "OnlineMenu.Api\OnlineMenu.Api.csproj", "{F8BE0D2E-1709-40D4-AB5E-883AD62A7CEC}"
EndProject
Project("{2150E333-8FDC-42A3-9474-1A3956D46DE8}") = "Core", "Core", "{13A29C94-9974-4A3B-B228-61ED6F3CCBDA}"
EndProject
Project("{2150E333-8FDC-42A3-9474-1A3956D46DE8}") = "Infrastructure", "Infrastructure", "{D916AE28-B0A4-46A7-8CEE-FA6C71432A48}"
EndProject
Project("{2150E333-8FDC-42A3-9474-1A3956D46DE8}") = "Presentation", "Presentation", "{249DFF11-0937-434B-B4EE-6D83B725AA77}"
EndProject
Project("{FAE04EC0-301F-11D3-BF4B-00C04F79EFBC}") = "OnlineMenu.Persistence", "OnlineMenu.Persistence\OnlineMenu.Persistence.csproj", "{762182AC-20E5-4419-B28D-7DD8B3C47BB1}"
EndProject
Project("{FAE04EC0-301F-11D3-BF4B-00C04F79EFBC}") = "OnlineMenu.Application", "OnlineMenu.Application\OnlineMenu.Application.csproj", "{F95CF9E9-B26D-4E88-92D9-63CC810FA8C9}"
EndProject
Project("{FAE04EC0-301F-11D3-BF4B-00C04F79EFBC}") = "OnlineMenu.Domain", "OnlineMenu.Domain\OnlineMenu.Domain.csproj", "{68E38821-1C8D-43B4-8973-12DDA5F3D92D}"
EndProject
Global
	GlobalSection(SolutionConfigurationPlatforms) = preSolution
		Debug|Any CPU = Debug|Any CPU
		Release|Any CPU = Release|Any CPU
	EndGlobalSection
	GlobalSection(ProjectConfigurationPlatforms) = postSolution
		{F8BE0D2E-1709-40D4-AB5E-883AD62A7CEC}.Debug|Any CPU.ActiveCfg = Debug|Any CPU
		{F8BE0D2E-1709-40D4-AB5E-883AD62A7CEC}.Debug|Any CPU.Build.0 = Debug|Any CPU
		{F8BE0D2E-1709-40D4-AB5E-883AD62A7CEC}.Release|Any CPU.ActiveCfg = Release|Any CPU
		{F8BE0D2E-1709-40D4-AB5E-883AD62A7CEC}.Release|Any CPU.Build.0 = Release|Any CPU
		{762182AC-20E5-4419-B28D-7DD8B3C47BB1}.Debug|Any CPU.ActiveCfg = Debug|Any CPU
		{762182AC-20E5-4419-B28D-7DD8B3C47BB1}.Debug|Any CPU.Build.0 = Debug|Any CPU
		{762182AC-20E5-4419-B28D-7DD8B3C47BB1}.Release|Any CPU.ActiveCfg = Release|Any CPU
		{762182AC-20E5-4419-B28D-7DD8B3C47BB1}.Release|Any CPU.Build.0 = Release|Any CPU
		{F95CF9E9-B26D-4E88-92D9-63CC810FA8C9}.Debug|Any CPU.ActiveCfg = Debug|Any CPU
		{F95CF9E9-B26D-4E88-92D9-63CC810FA8C9}.Debug|Any CPU.Build.0 = Debug|Any CPU
		{F95CF9E9-B26D-4E88-92D9-63CC810FA8C9}.Release|Any CPU.ActiveCfg = Release|Any CPU
		{F95CF9E9-B26D-4E88-92D9-63CC810FA8C9}.Release|Any CPU.Build.0 = Release|Any CPU
		{68E38821-1C8D-43B4-8973-12DDA5F3D92D}.Debug|Any CPU.ActiveCfg = Debug|Any CPU
		{68E38821-1C8D-43B4-8973-12DDA5F3D92D}.Debug|Any CPU.Build.0 = Debug|Any CPU
		{68E38821-1C8D-43B4-8973-12DDA5F3D92D}.Release|Any CPU.ActiveCfg = Release|Any CPU
		{68E38821-1C8D-43B4-8973-12DDA5F3D92D}.Release|Any CPU.Build.0 = Release|Any CPU
	EndGlobalSection
	GlobalSection(NestedProjects) = preSolution
		{F8BE0D2E-1709-40D4-AB5E-883AD62A7CEC} = {249DFF11-0937-434B-B4EE-6D83B725AA77}
		{762182AC-20E5-4419-B28D-7DD8B3C47BB1} = {D916AE28-B0A4-46A7-8CEE-FA6C71432A48}
		{F95CF9E9-B26D-4E88-92D9-63CC810FA8C9} = {13A29C94-9974-4A3B-B228-61ED6F3CCBDA}
		{68E38821-1C8D-43B4-8973-12DDA5F3D92D} = {13A29C94-9974-4A3B-B228-61ED6F3CCBDA}
		{D916AE28-B0A4-46A7-8CEE-FA6C71432A48} = {249DFF11-0937-434B-B4EE-6D83B725AA77}
	EndGlobalSection
EndGlobal
